
Microsoft Visual Studio Solution File, Format Version 12.00
# Visual Studio 14
VisualStudioVersion = 14.0.24720.0
MinimumVisualStudioVersion = 10.0.40219.1
Project("{FAE04EC0-301F-11D3-BF4B-00C04F79EFBC}") = "PackageC", "PackageC\PackageC.csproj", "{1AB981DC-11C8-4D40-B874-F10E9EF08D64}"
EndProject
Project("{FAE04EC0-301F-11D3-BF4B-00C04F79EFBC}") = "PackageC.Test.Unit", "PackageC.Test.Unit\PackageC.Test.Unit.csproj", "{63ABB956-8DCD-4E1F-9B21-12E6E2C2775E}"
EndProject
Global
	GlobalSection(SolutionConfigurationPlatforms) = preSolution
		Debug|Any CPU = Debug|Any CPU
		Release|Any CPU = Release|Any CPU
	EndGlobalSection
	GlobalSection(ProjectConfigurationPlatforms) = postSolution
		{1AB981DC-11C8-4D40-B874-F10E9EF08D64}.Debug|Any CPU.ActiveCfg = Debug|Any CPU
		{1AB981DC-11C8-4D40-B874-F10E9EF08D64}.Debug|Any CPU.Build.0 = Debug|Any CPU
		{1AB981DC-11C8-4D40-B874-F10E9EF08D64}.Release|Any CPU.ActiveCfg = Release|Any CPU
		{1AB981DC-11C8-4D40-B874-F10E9EF08D64}.Release|Any CPU.Build.0 = Release|Any CPU
		{63ABB956-8DCD-4E1F-9B21-12E6E2C2775E}.Debug|Any CPU.ActiveCfg = Debug|Any CPU
		{63ABB956-8DCD-4E1F-9B21-12E6E2C2775E}.Debug|Any CPU.Build.0 = Debug|Any CPU
		{63ABB956-8DCD-4E1F-9B21-12E6E2C2775E}.Release|Any CPU.ActiveCfg = Release|Any CPU
		{63ABB956-8DCD-4E1F-9B21-12E6E2C2775E}.Release|Any CPU.Build.0 = Release|Any CPU
	EndGlobalSection
	GlobalSection(SolutionProperties) = preSolution
		HideSolutionNode = FALSE
	EndGlobalSection
EndGlobal
